
Microsoft Visual Studio Solution File, Format Version 12.00
# Visual Studio Version 16
VisualStudioVersion = 16.0.30114.105
MinimumVisualStudioVersion = 10.0.40219.1
Project("{9A19103F-16F7-4668-BE54-9A1E7A4F7556}") = "HackAPIs", "HackAPIs\HackAPIs\HackAPIs.csproj", "{BC9CF93A-1550-47C1-8C8A-177508321B60}"
EndProject
Global
	GlobalSection(SolutionConfigurationPlatforms) = preSolution
		Debug|Any CPU = Debug|Any CPU
		Debug|x64 = Debug|x64
		Debug|x86 = Debug|x86
		Release|Any CPU = Release|Any CPU
		Release|x64 = Release|x64
		Release|x86 = Release|x86
	EndGlobalSection
	GlobalSection(ProjectConfigurationPlatforms) = postSolution
		{BC9CF93A-1550-47C1-8C8A-177508321B60}.Debug|Any CPU.ActiveCfg = Debug|Any CPU
		{BC9CF93A-1550-47C1-8C8A-177508321B60}.Debug|Any CPU.Build.0 = Debug|Any CPU
		{BC9CF93A-1550-47C1-8C8A-177508321B60}.Debug|x64.ActiveCfg = Debug|Any CPU
		{BC9CF93A-1550-47C1-8C8A-177508321B60}.Debug|x64.Build.0 = Debug|Any CPU
		{BC9CF93A-1550-47C1-8C8A-177508321B60}.Debug|x86.ActiveCfg = Debug|Any CPU
		{BC9CF93A-1550-47C1-8C8A-177508321B60}.Debug|x86.Build.0 = Debug|Any CPU
		{BC9CF93A-1550-47C1-8C8A-177508321B60}.Release|Any CPU.ActiveCfg = Release|Any CPU
		{BC9CF93A-1550-47C1-8C8A-177508321B60}.Release|Any CPU.Build.0 = Release|Any CPU
		{BC9CF93A-1550-47C1-8C8A-177508321B60}.Release|x64.ActiveCfg = Release|Any CPU
		{BC9CF93A-1550-47C1-8C8A-177508321B60}.Release|x64.Build.0 = Release|Any CPU
		{BC9CF93A-1550-47C1-8C8A-177508321B60}.Release|x86.ActiveCfg = Release|Any CPU
		{BC9CF93A-1550-47C1-8C8A-177508321B60}.Release|x86.Build.0 = Release|Any CPU
	EndGlobalSection
	GlobalSection(SolutionProperties) = preSolution
		HideSolutionNode = FALSE
	EndGlobalSection
	GlobalSection(ExtensibilityGlobals) = postSolution
		SolutionGuid = {730C0F44-7FBE-45F1-AA5F-2CD4C3CF63D5}
	EndGlobalSection
EndGlobal
